
Microsoft Visual Studio Solution File, Format Version 12.00
# Visual Studio Version 16
VisualStudioVersion = 16.0.30611.23
MinimumVisualStudioVersion = 10.0.40219.1
Project("{FAE04EC0-301F-11D3-BF4B-00C04F79EFBC}") = "App", "App\App.csproj", "{510C1CBA-E8C4-4DD6-9B0D-A24056F2D122}"
EndProject
Project("{FAE04EC0-301F-11D3-BF4B-00C04F79EFBC}") = "App.Tests", "App.Tests\App.Tests.csproj", "{C9479E3F-E6DE-4801-9BEF-D6A11E00E677}"
EndProject
Global
	GlobalSection(SolutionConfigurationPlatforms) = preSolution
		Debug|Any CPU = Debug|Any CPU
		Release|Any CPU = Release|Any CPU
	EndGlobalSection
	GlobalSection(ProjectConfigurationPlatforms) = postSolution
		{510C1CBA-E8C4-4DD6-9B0D-A24056F2D122}.Debug|Any CPU.ActiveCfg = Debug|Any CPU
		{510C1CBA-E8C4-4DD6-9B0D-A24056F2D122}.Debug|Any CPU.Build.0 = Debug|Any CPU
		{510C1CBA-E8C4-4DD6-9B0D-A24056F2D122}.Release|Any CPU.ActiveCfg = Release|Any CPU
		{510C1CBA-E8C4-4DD6-9B0D-A24056F2D122}.Release|Any CPU.Build.0 = Release|Any CPU
		{C9479E3F-E6DE-4801-9BEF-D6A11E00E677}.Debug|Any CPU.ActiveCfg = Debug|Any CPU
		{C9479E3F-E6DE-4801-9BEF-D6A11E00E677}.Debug|Any CPU.Build.0 = Debug|Any CPU
		{C9479E3F-E6DE-4801-9BEF-D6A11E00E677}.Release|Any CPU.ActiveCfg = Release|Any CPU
		{C9479E3F-E6DE-4801-9BEF-D6A11E00E677}.Release|Any CPU.Build.0 = Release|Any CPU
	EndGlobalSection
	GlobalSection(SolutionProperties) = preSolution
		HideSolutionNode = FALSE
	EndGlobalSection
	GlobalSection(ExtensibilityGlobals) = postSolution
		SolutionGuid = {FD975CA1-B2FF-40C9-926F-50D7130635CE}
	EndGlobalSection
EndGlobal
